github.com/jblashki/aoc-filereader-go v1.0.0/go.mod h1:pwn8ObLdl9SkixDnZZ0lBFfRlnx925zZxQmmgcW6aro=
github.com/jblashki/aoc-filereader-go v1.1.0 h1:6hx0/OcGEwmWBoiF+qgl8dLrU02NxFv83Q+dDgNTRDo=
github.com/jblashki/aoc-filereader-go v1.1.0/go.mod h1:pwn8ObLdl9SkixDnZZ0lBFfRlnx925zZxQmmgcW6aro=
github.com/jblashki/aoc-intcode-go v1.1.0 h1:6dRiVMNIRaBMO3KEpR8YY2KxqcRS9DD7wGy7KBKb9pU=
github.com/jblashki/aoc-intcode-go v1.1.0/go.mod h1:4lba/E1JKaHx+lOJgZ+B3D3mOmHQKk2rPw49ruUNQt0=
github.com/jblashki/aoc-intcode-go/v2 v2.0.0 h1:A3T1ROtc4FtS8z2OXoCVdsDckb4Nm10Zg2KcJwipiV8=
github.com/jblashki/aoc-intcode-go/v2 v2.0.0/go.mod h1:feYDuEeOrdflqaiuavdjEg8+Ea4L7qn1cOC2nXqgCfs=
github.com/jblashki/aoc-intcode-go/v2 v2.0.1 h1:wrJJHnPy97gv1HLNXocGrPWqyjwNS+GZk4PVy4+EgHw=
github.com/jblashki/aoc-intcode-go/v2 v2.0.1/go.mod h1:feYDuEeOrdflqaiuavdjEg8+Ea4L7qn1cOC2nXqgCfs=
github.com/jblashki/aoc-intcode-go/v3 v3.0.0 h1:gOkrrVnXnCQNgKf8VYlwEbhhAT6DUYgY0ILOrcOVjcU=
github.com/jblashki/aoc-intcode-go/v3 v3.0.0/go.mod h1:Iw44277DsWhYLFYFfICWE6woi8Gmj66FwU/gtduYZpc=
github.com/jblashki/aoc-intcode-go/v3 v3.0.1 h1:rVD8lIO0LPqlPy9J1zLQ7A2iDPAxic4aFLYDSclscKw=
github.com/jblashki/aoc-intcode-go/v3 v3.0.1/go.mod h1:Iw44277DsWhYLFYFfICWE6woi8Gmj66FwU/gtduYZpc=
github.com/jblashki/aoc-intcode-go/v4 v4.0.0 h1:CZd+W5Sm/d5BLurPP/L56h88L7Oqi+nWx1J4FO7/sF8=
github.com/jblashki/aoc-intcode-go/v4 v4.0.0/go.mod h1:OHAKQot50HdcmYpTH9LDfzWy9cfcLDC372xxdEcrpsM=
github.com/jblashki/aoc-intcode-go/v4 v4.0.1 h1:2x+MGQmouLmwfq7Ag0NeXhzm4lYXt+p1t5C0YFXVjSQ=
github.com/jblashki/aoc-intcode-go/v4 v4.0.1/go.mod h1:OHAKQot50HdcmYpTH9LDfzWy9cfcLDC372xxdEcrpsM=
github.com/jblashki/aoc-intcode-go/v5 v5.0.0 h1:9R8Zjhffyjbp0LoXiYt1LR+yymCDWDvjaTR+1rtwUfU=
github.com/jblashki/aoc-intcode-go/v5 v5.0.0/go.mod h1:GO5pw5IkyjH3FOmEfWxQfWxMf6xqfZiEFH6zllfssZE=
github.com/pkg/term v1.1.0 h1:xIAAdCMh3QIAy+5FrE8Ad8XoDhEU4ufwbaSozViP9kk=
github.com/pkg/term v1.1.0/go.mod h1:E25nymQcrSllhX42Ok8MRm1+hyBdHY0dCeiKZ9jpNGw=
golang.org/x/sys v0.0.0-20200909081042-eff7692f9009 h1:W0lCpv29Hv0UaM1LXb9QlBHLNP8UFfcKjblhVCWftOM=
golang.org/x/sys v0.0.0-20200909081042-eff7692f9009/go.mod h1:h1NjWce9XRLGQEsW7wpKNCjG9DtNlClVuFLEZdDNbEs=
